
Microsoft Visual Studio Solution File, Format Version 12.00
# Visual Studio Version 17
VisualStudioVersion = 17.9.34723.18
MinimumVisualStudioVersion = 10.0.40219.1
Project("{FAE04EC0-301F-11D3-BF4B-00C04F79EFBC}") = "QuanLyPhongMach", "QuanLyPhongMach\QuanLyPhongMach.csproj", "{C722B899-AA7D-4304-8A7D-CB628905A533}"
EndProject
Global
	GlobalSection(SolutionConfigurationPlatforms) = preSolution
		Debug|Any CPU = Debug|Any CPU
		Release|Any CPU = Release|Any CPU
	EndGlobalSection
	GlobalSection(ProjectConfigurationPlatforms) = postSolution
		{C722B899-AA7D-4304-8A7D-CB628905A533}.Debug|Any CPU.ActiveCfg = Debug|Any CPU
		{C722B899-AA7D-4304-8A7D-CB628905A533}.Debug|Any CPU.Build.0 = Debug|Any CPU
		{C722B899-AA7D-4304-8A7D-CB628905A533}.Release|Any CPU.ActiveCfg = Release|Any CPU
		{C722B899-AA7D-4304-8A7D-CB628905A533}.Release|Any CPU.Build.0 = Release|Any CPU
	EndGlobalSection
	GlobalSection(SolutionProperties) = preSolution
		HideSolutionNode = FALSE
	EndGlobalSection
	GlobalSection(ExtensibilityGlobals) = postSolution
		SolutionGuid = {CDF01B7B-4908-41D5-82B9-D1EB75365760}
	EndGlobalSection
EndGlobal
